
Microsoft Visual Studio Solution File, Format Version 12.00
# Visual Studio Version 16
VisualStudioVersion = 16.0.29102.190
MinimumVisualStudioVersion = 10.0.40219.1
Project("{FAE04EC0-301F-11D3-BF4B-00C04F79EFBC}") = "StackinCsharp", "StackinCsharp\StackinCsharp.csproj", "{E212EE5E-F491-47BE-92D2-7C06EB3ECE5C}"
EndProject
Project("{FAE04EC0-301F-11D3-BF4B-00C04F79EFBC}") = "ExpressionSolution", "ExpressionSolution\ExpressionSolution.csproj", "{F9CDA2AF-1429-4AE2-89DB-6712736B94C7}"
EndProject
Global
	GlobalSection(SolutionConfigurationPlatforms) = preSolution
		Debug|Any CPU = Debug|Any CPU
		Release|Any CPU = Release|Any CPU
	EndGlobalSection
	GlobalSection(ProjectConfigurationPlatforms) = postSolution
		{E212EE5E-F491-47BE-92D2-7C06EB3ECE5C}.Debug|Any CPU.ActiveCfg = Debug|Any CPU
		{E212EE5E-F491-47BE-92D2-7C06EB3ECE5C}.Debug|Any CPU.Build.0 = Debug|Any CPU
		{E212EE5E-F491-47BE-92D2-7C06EB3ECE5C}.Release|Any CPU.ActiveCfg = Release|Any CPU
		{E212EE5E-F491-47BE-92D2-7C06EB3ECE5C}.Release|Any CPU.Build.0 = Release|Any CPU
		{F9CDA2AF-1429-4AE2-89DB-6712736B94C7}.Debug|Any CPU.ActiveCfg = Debug|Any CPU
		{F9CDA2AF-1429-4AE2-89DB-6712736B94C7}.Debug|Any CPU.Build.0 = Debug|Any CPU
		{F9CDA2AF-1429-4AE2-89DB-6712736B94C7}.Release|Any CPU.ActiveCfg = Release|Any CPU
		{F9CDA2AF-1429-4AE2-89DB-6712736B94C7}.Release|Any CPU.Build.0 = Release|Any CPU
	EndGlobalSection
	GlobalSection(SolutionProperties) = preSolution
		HideSolutionNode = FALSE
	EndGlobalSection
	GlobalSection(ExtensibilityGlobals) = postSolution
		SolutionGuid = {E395D5DA-AD4A-4B84-ADF1-8C79E2DCBE1B}
	EndGlobalSection
EndGlobal
