
Microsoft Visual Studio Solution File, Format Version 12.00
# Visual Studio Version 16
VisualStudioVersion = 16.0.29102.190
MinimumVisualStudioVersion = 10.0.40219.1
Project("{FAE04EC0-301F-11D3-BF4B-00C04F79EFBC}") = "MergeSort", "MergeSort\MergeSort.csproj", "{F2A89F51-463B-4471-ADE0-3F9566EC61FF}"
EndProject
Project("{FAE04EC0-301F-11D3-BF4B-00C04F79EFBC}") = "QuickSort", "QuickSort\QuickSort.csproj", "{6EBAC1EA-0D56-4448-B686-64EAEDA59FED}"
EndProject
Global
	GlobalSection(SolutionConfigurationPlatforms) = preSolution
		Debug|Any CPU = Debug|Any CPU
		Release|Any CPU = Release|Any CPU
	EndGlobalSection
	GlobalSection(ProjectConfigurationPlatforms) = postSolution
		{F2A89F51-463B-4471-ADE0-3F9566EC61FF}.Debug|Any CPU.ActiveCfg = Debug|Any CPU
		{F2A89F51-463B-4471-ADE0-3F9566EC61FF}.Debug|Any CPU.Build.0 = Debug|Any CPU
		{F2A89F51-463B-4471-ADE0-3F9566EC61FF}.Release|Any CPU.ActiveCfg = Release|Any CPU
		{F2A89F51-463B-4471-ADE0-3F9566EC61FF}.Release|Any CPU.Build.0 = Release|Any CPU
		{6EBAC1EA-0D56-4448-B686-64EAEDA59FED}.Debug|Any CPU.ActiveCfg = Debug|Any CPU
		{6EBAC1EA-0D56-4448-B686-64EAEDA59FED}.Debug|Any CPU.Build.0 = Debug|Any CPU
		{6EBAC1EA-0D56-4448-B686-64EAEDA59FED}.Release|Any CPU.ActiveCfg = Release|Any CPU
		{6EBAC1EA-0D56-4448-B686-64EAEDA59FED}.Release|Any CPU.Build.0 = Release|Any CPU
	EndGlobalSection
	GlobalSection(SolutionProperties) = preSolution
		HideSolutionNode = FALSE
	EndGlobalSection
	GlobalSection(ExtensibilityGlobals) = postSolution
		SolutionGuid = {B4F1AC06-3107-4546-A471-FE7419E4ADE1}
	EndGlobalSection
EndGlobal
